
Microsoft Visual Studio Solution File, Format Version 12.00
# Visual Studio 15
VisualStudioVersion = 15.0.26430.16
MinimumVisualStudioVersion = 10.0.40219.1
Project("{FAE04EC0-301F-11D3-BF4B-00C04F79EFBC}") = "controller", "controller\controller.csproj", "{EC1363FB-A6A0-42FD-83F0-0907B1BFF346}"
EndProject
Global
	GlobalSection(SolutionConfigurationPlatforms) = preSolution
		Debug|Any CPU = Debug|Any CPU
		Release|Any CPU = Release|Any CPU
	EndGlobalSection
	GlobalSection(ProjectConfigurationPlatforms) = postSolution
		{EC1363FB-A6A0-42FD-83F0-0907B1BFF346}.Debug|Any CPU.ActiveCfg = Debug|Any CPU
		{EC1363FB-A6A0-42FD-83F0-0907B1BFF346}.Debug|Any CPU.Build.0 = Debug|Any CPU
		{EC1363FB-A6A0-42FD-83F0-0907B1BFF346}.Release|Any CPU.ActiveCfg = Release|Any CPU
		{EC1363FB-A6A0-42FD-83F0-0907B1BFF346}.Release|Any CPU.Build.0 = Release|Any CPU
	EndGlobalSection
	GlobalSection(SolutionProperties) = preSolution
		HideSolutionNode = FALSE
	EndGlobalSection
EndGlobal
